
Microsoft Visual Studio Solution File, Format Version 12.00
# Visual Studio Version 17
VisualStudioVersion = 17.11.35222.181
MinimumVisualStudioVersion = 10.0.40219.1
Project("{FAE04EC0-301F-11D3-BF4B-00C04F79EFBC}") = "blabla", "blabla.csproj", "{2CF02B8F-78F9-45CD-BDE9-5913B5A2B571}"
EndProject
Global
	GlobalSection(SolutionConfigurationPlatforms) = preSolution
		Debug|Any CPU = Debug|Any CPU
		Release|Any CPU = Release|Any CPU
	EndGlobalSection
	GlobalSection(ProjectConfigurationPlatforms) = postSolution
		{2CF02B8F-78F9-45CD-BDE9-5913B5A2B571}.Debug|Any CPU.ActiveCfg = Debug|Any CPU
		{2CF02B8F-78F9-45CD-BDE9-5913B5A2B571}.Debug|Any CPU.Build.0 = Debug|Any CPU
		{2CF02B8F-78F9-45CD-BDE9-5913B5A2B571}.Release|Any CPU.ActiveCfg = Release|Any CPU
		{2CF02B8F-78F9-45CD-BDE9-5913B5A2B571}.Release|Any CPU.Build.0 = Release|Any CPU
	EndGlobalSection
	GlobalSection(SolutionProperties) = preSolution
		HideSolutionNode = FALSE
	EndGlobalSection
	GlobalSection(ExtensibilityGlobals) = postSolution
		SolutionGuid = {6158CBDC-B747-49DC-B43F-021349998F93}
	EndGlobalSection
EndGlobal
